// !$*UTF8*$!
{
	archiveVersion = 1;
	classes = {
	};
	objectVersion = 55;
	objects = {

/* Begin PBXBuildFile section */
		032BD21327E10BAD0055BD42 /* RecordsViewController.swift in Sources */ = {isa = PBXBuildFile; fileRef = 032BD21227E10BAD0055BD42 /* RecordsViewController.swift */; };
		032BD21527E10C7B0055BD42 /* LocationManager.swift in Sources */ = {isa = PBXBuildFile; fileRef = 032BD21427E10C7B0055BD42 /* LocationManager.swift */; };
		03853BE527E3C2AD00B100AD /* SettingsViewController.swift in Sources */ = {isa = PBXBuildFile; fileRef = 03853BE427E3C2AD00B100AD /* SettingsViewController.swift */; };
		03853BE727E42ADC00B100AD /* RecordCell.swift in Sources */ = {isa = PBXBuildFile; fileRef = 03853BE627E42ADC00B100AD /* RecordCell.swift */; };
		03C1851C27DB93F9009A5CAE /* AppDelegate.swift in Sources */ = {isa = PBXBuildFile; fileRef = 03C1851B27DB93F9009A5CAE /* AppDelegate.swift */; };
		03C1851E27DB93F9009A5CAE /* SceneDelegate.swift in Sources */ = {isa = PBXBuildFile; fileRef = 03C1851D27DB93F9009A5CAE /* SceneDelegate.swift */; };
		03C1852027DB93F9009A5CAE /* MainViewController.swift in Sources */ = {isa = PBXBuildFile; fileRef = 03C1851F27DB93F9009A5CAE /* MainViewController.swift */; };
		03C1852327DB93F9009A5CAE /* Main.storyboard in Resources */ = {isa = PBXBuildFile; fileRef = 03C1852127DB93F9009A5CAE /* Main.storyboard */; };
		03C1852527DB93FB009A5CAE /* Assets.xcassets in Resources */ = {isa = PBXBuildFile; fileRef = 03C1852427DB93FB009A5CAE /* Assets.xcassets */; };
		03C1852827DB93FB009A5CAE /* LaunchScreen.storyboard in Resources */ = {isa = PBXBuildFile; fileRef = 03C1852627DB93FB009A5CAE /* LaunchScreen.storyboard */; };
		03C1853227DB9D10009A5CAE /* RunMapViewController.swift in Sources */ = {isa = PBXBuildFile; fileRef = 03C1853127DB9D10009A5CAE /* RunMapViewController.swift */; };
		6B9B292227E9573B001EF3F2 /* Poppins-Medium.ttf in Resources */ = {isa = PBXBuildFile; fileRef = 6B9B291E27E9573B001EF3F2 /* Poppins-Medium.ttf */; };
		6B9B292327E9573B001EF3F2 /* BebasNeue-Regular.ttf in Resources */ = {isa = PBXBuildFile; fileRef = 6B9B291F27E9573B001EF3F2 /* BebasNeue-Regular.ttf */; };
		6B9B292427E9573B001EF3F2 /* Poppins-Regular.ttf in Resources */ = {isa = PBXBuildFile; fileRef = 6B9B292027E9573B001EF3F2 /* Poppins-Regular.ttf */; };
		6B9B292527E9573B001EF3F2 /* Poppins-Bold.ttf in Resources */ = {isa = PBXBuildFile; fileRef = 6B9B292127E9573B001EF3F2 /* Poppins-Bold.ttf */; };
/* End PBXBuildFile section */

/* Begin PBXFileReference section */
		032BD21227E10BAD0055BD42 /* RecordsViewController.swift */ = {isa = PBXFileReference; lastKnownFileType = sourcecode.swift; path = RecordsViewController.swift; sourceTree = "<group>"; };
		032BD21427E10C7B0055BD42 /* LocationManager.swift */ = {isa = PBXFileReference; lastKnownFileType = sourcecode.swift; path = LocationManager.swift; sourceTree = "<group>"; };
		03853BE427E3C2AD00B100AD /* SettingsViewController.swift */ = {isa = PBXFileReference; lastKnownFileType = sourcecode.swift; path = SettingsViewController.swift; sourceTree = "<group>"; };
		03853BE627E42ADC00B100AD /* RecordCell.swift */ = {isa = PBXFileReference; lastKnownFileType = sourcecode.swift; path = RecordCell.swift; sourceTree = "<group>"; };
		03C1851827DB93F9009A5CAE /* MAPD724-W2022-Assign4.app */ = {isa = PBXFileReference; explicitFileType = wrapper.application; includeInIndex = 0; path = "MAPD724-W2022-Assign4.app"; sourceTree = BUILT_PRODUCTS_DIR; };
		03C1851B27DB93F9009A5CAE /* AppDelegate.swift */ = {isa = PBXFileReference; lastKnownFileType = sourcecode.swift; path = AppDelegate.swift; sourceTree = "<group>"; };
		03C1851D27DB93F9009A5CAE /* SceneDelegate.swift */ = {isa = PBXFileReference; lastKnownFileType = sourcecode.swift; path = SceneDelegate.swift; sourceTree = "<group>"; };
		03C1851F27DB93F9009A5CAE /* MainViewController.swift */ = {isa = PBXFileReference; lastKnownFileType = sourcecode.swift; path = MainViewController.swift; sourceTree = "<group>"; };
		03C1852227DB93F9009A5CAE /* Base */ = {isa = PBXFileReference; lastKnownFileType = file.storyboard; name = Base; path = Base.lproj/Main.storyboard; sourceTree = "<group>"; };
		03C1852427DB93FB009A5CAE /* Assets.xcassets */ = {isa = PBXFileReference; lastKnownFileType = folder.assetcatalog; path = Assets.xcassets; sourceTree = "<group>"; };
		03C1852727DB93FB009A5CAE /* Base */ = {isa = PBXFileReference; lastKnownFileType = file.storyboard; name = Base; path = Base.lproj/LaunchScreen.storyboard; sourceTree = "<group>"; };
		03C1852927DB93FB009A5CAE /* Info.plist */ = {isa = PBXFileReference; lastKnownFileType = text.plist.xml; path = Info.plist; sourceTree = "<group>"; };
		03C1853127DB9D10009A5CAE /* RunMapViewController.swift */ = {isa = PBXFileReference; lastKnownFileType = sourcecode.swift; path = RunMapViewController.swift; sourceTree = "<group>"; };
		6B9B291E27E9573B001EF3F2 /* Poppins-Medium.ttf */ = {isa = PBXFileReference; lastKnownFileType = file; path = "Poppins-Medium.ttf"; sourceTree = "<group>"; };
		6B9B291F27E9573B001EF3F2 /* BebasNeue-Regular.ttf */ = {isa = PBXFileReference; lastKnownFileType = file; path = "BebasNeue-Regular.ttf"; sourceTree = "<group>"; };
		6B9B292027E9573B001EF3F2 /* Poppins-Regular.ttf */ = {isa = PBXFileReference; lastKnownFileType = file; path = "Poppins-Regular.ttf"; sourceTree = "<group>"; };
		6B9B292127E9573B001EF3F2 /* Poppins-Bold.ttf */ = {isa = PBXFileReference; lastKnownFileType = file; path = "Poppins-Bold.ttf"; sourceTree = "<group>"; };
/* End PBXFileReference section */

/* Begin PBXFrameworksBuildPhase section */
		03C1851527DB93F9009A5CAE /* Frameworks */ = {
			isa = PBXFrameworksBuildPhase;
			buildActionMask = 2147483647;
			files = (
			);
			runOnlyForDeploymentPostprocessing = 0;
		};
/* End PBXFrameworksBuildPhase section */

/* Begin PBXGroup section */
		03C1850F27DB93F9009A5CAE = {
			isa = PBXGroup;
			children = (
				03C1851A27DB93F9009A5CAE /* MAPD724-W2022-Assign4 */,
				03C1851927DB93F9009A5CAE /* Products */,
			);
			sourceTree = "<group>";
		};
		03C1851927DB93F9009A5CAE /* Products */ = {
			isa = PBXGroup;
			children = (
				03C1851827DB93F9009A5CAE /* MAPD724-W2022-Assign4.app */,
			);
			name = Products;
			sourceTree = "<group>";
		};
		03C1851A27DB93F9009A5CAE /* MAPD724-W2022-Assign4 */ = {
			isa = PBXGroup;
			children = (
				6B9B291D27E9573B001EF3F2 /* fonts */,
				03C1851B27DB93F9009A5CAE /* AppDelegate.swift */,
				03C1851D27DB93F9009A5CAE /* SceneDelegate.swift */,
				03C1851F27DB93F9009A5CAE /* MainViewController.swift */,
				03C1852127DB93F9009A5CAE /* Main.storyboard */,
				03C1852427DB93FB009A5CAE /* Assets.xcassets */,
				03C1852627DB93FB009A5CAE /* LaunchScreen.storyboard */,
				03C1852927DB93FB009A5CAE /* Info.plist */,
				03C1853127DB9D10009A5CAE /* RunMapViewController.swift */,
				032BD21227E10BAD0055BD42 /* RecordsViewController.swift */,
				03853BE427E3C2AD00B100AD /* SettingsViewController.swift */,
				032BD21427E10C7B0055BD42 /* LocationManager.swift */,
				03853BE627E42ADC00B100AD /* RecordCell.swift */,
			);
			path = "MAPD724-W2022-Assign4";
			sourceTree = "<group>";
		};
		6B9B291D27E9573B001EF3F2 /* fonts */ = {
			isa = PBXGroup;
			children = (
				6B9B291E27E9573B001EF3F2 /* Poppins-Medium.ttf */,
				6B9B291F27E9573B001EF3F2 /* BebasNeue-Regular.ttf */,
				6B9B292027E9573B001EF3F2 /* Poppins-Regular.ttf */,
				6B9B292127E9573B001EF3F2 /* Poppins-Bold.ttf */,
			);
			path = fonts;
			sourceTree = "<group>";
		};
/* End PBXGroup section */

/* Begin PBXNativeTarget section */
		03C1851727DB93F9009A5CAE /* MAPD724-W2022-Assign4 */ = {
			isa = PBXNativeTarget;
			buildConfigurationList = 03C1852C27DB93FB009A5CAE /* Build configuration list for PBXNativeTarget "MAPD724-W2022-Assign4" */;
			buildPhases = (
				03C1851427DB93F9009A5CAE /* Sources */,
				03C1851527DB93F9009A5CAE /* Frameworks */,
				03C1851627DB93F9009A5CAE /* Resources */,
			);
			buildRules = (
			);
			dependencies = (
			);
			name = "MAPD724-W2022-Assign4";
			productName = "MAPD724-W2022-Assign4";
			productReference = 03C1851827DB93F9009A5CAE /* MAPD724-W2022-Assign4.app */;
			productType = "com.apple.product-type.application";
		};
/* End PBXNativeTarget section */

/* Begin PBXProject section */
		03C1851027DB93F9009A5CAE /* Project object */ = {
			isa = PBXProject;
			attributes = {
				BuildIndependentTargetsInParallel = 1;
				LastSwiftUpdateCheck = 1310;
				LastUpgradeCheck = 1310;
				TargetAttributes = {
					03C1851727DB93F9009A5CAE = {
						CreatedOnToolsVersion = 13.1;
					};
				};
			};
			buildConfigurationList = 03C1851327DB93F9009A5CAE /* Build configuration list for PBXProject "MAPD724-W2022-Assign4" */;
			compatibilityVersion = "Xcode 13.0";
			developmentRegion = en;
			hasScannedForEncodings = 0;
			knownRegions = (
				en,
				Base,
			);
			mainGroup = 03C1850F27DB93F9009A5CAE;
			productRefGroup = 03C1851927DB93F9009A5CAE /* Products */;
			projectDirPath = "";
			projectRoot = "";
			targets = (
				03C1851727DB93F9009A5CAE /* MAPD724-W2022-Assign4 */,
			);
		};
/* End PBXProject section */

/* Begin PBXResourcesBuildPhase section */
		03C1851627DB93F9009A5CAE /* Resources */ = {
			isa = PBXResourcesBuildPhase;
			buildActionMask = 2147483647;
			files = (
				6B9B292327E9573B001EF3F2 /* BebasNeue-Regular.ttf in Resources */,
				03C1852827DB93FB009A5CAE /* LaunchScreen.storyboard in Resources */,
				6B9B292527E9573B001EF3F2 /* Poppins-Bold.ttf in Resources */,
				6B9B292227E9573B001EF3F2 /* Poppins-Medium.ttf in Resources */,
				6B9B292427E9573B001EF3F2 /* Poppins-Regular.ttf in Resources */,
				03C1852527DB93FB009A5CAE /* Assets.xcassets in Resources */,
				03C1852327DB93F9009A5CAE /* Main.storyboard in Resources */,
			);
			runOnlyForDeploymentPostprocessing = 0;
		};
/* End PBXResourcesBuildPhase section */

/* Begin PBXSourcesBuildPhase section */
		03C1851427DB93F9009A5CAE /* Sources */ = {
			isa = PBXSourcesBuildPhase;
			buildActionMask = 2147483647;
			files = (
				03C1852027DB93F9009A5CAE /* MainViewController.swift in Sources */,
				03C1851C27DB93F9009A5CAE /* AppDelegate.swift in Sources */,
				03853BE727E42ADC00B100AD /* RecordCell.swift in Sources */,
				03853BE527E3C2AD00B100AD /* SettingsViewController.swift in Sources */,
				032BD21527E10C7B0055BD42 /* LocationManager.swift in Sources */,
				03C1851E27DB93F9009A5CAE /* SceneDelegate.swift in Sources */,
				03C1853227DB9D10009A5CAE /* RunMapViewController.swift in Sources */,
				032BD21327E10BAD0055BD42 /* RecordsViewController.swift in Sources */,
			);
			runOnlyForDeploymentPostprocessing = 0;
		};
/* End PBXSourcesBuildPhase section */

/* Begin PBXVariantGroup section */
		03C1852127DB93F9009A5CAE /* Main.storyboard */ = {
			isa = PBXVariantGroup;
			children = (
				03C1852227DB93F9009A5CAE /* Base */,
			);
			name = Main.storyboard;
			sourceTree = "<group>";
		};
		03C1852627DB93FB009A5CAE /* LaunchScreen.storyboard */ = {
			isa = PBXVariantGroup;
			children = (
				03C1852727DB93FB009A5CAE /* Base */,
			);
			name = LaunchScreen.storyboard;
			sourceTree = "<group>";
		};
/* End PBXVariantGroup section */

/* Begin XCBuildConfiguration section */
		03C1852A27DB93FB009A5CAE /* Debug */ = {
			isa = XCBuildConfiguration;
			buildSettings = {
				ALWAYS_SEARCH_USER_PATHS = NO;
				CLANG_ANALYZER_NONNULL = YES;
				CLANG_ANALYZER_NUMBER_OBJECT_CONVERSION = YES_AGGRESSIVE;
				CLANG_CXX_LANGUAGE_STANDARD = "gnu++17";
				CLANG_CXX_LIBRARY = "libc++";
				CLANG_ENABLE_MODULES = YES;
				CLANG_ENABLE_OBJC_ARC = YES;
				CLANG_ENABLE_OBJC_WEAK = YES;
				CLANG_WARN_BLOCK_CAPTURE_AUTORELEASING = YES;
				CLANG_WARN_BOOL_CONVERSION = YES;
				CLANG_WARN_COMMA = YES;
				CLANG_WARN_CONSTANT_CONVERSION = YES;
				CLANG_WARN_DEPRECATED_OBJC_IMPLEMENTATIONS = YES;
				CLANG_WARN_DIRECT_OBJC_ISA_USAGE = YES_ERROR;
				CLANG_WARN_DOCUMENTATION_COMMENTS = YES;
				CLANG_WARN_EMPTY_BODY = YES;
				CLANG_WARN_ENUM_CONVERSION = YES;
				CLANG_WARN_INFINITE_RECURSION = YES;
				CLANG_WARN_INT_CONVERSION = YES;
				CLANG_WARN_NON_LITERAL_NULL_CONVERSION = YES;
				CLANG_WARN_OBJC_IMPLICIT_RETAIN_SELF = YES;
				CLANG_WARN_OBJC_LITERAL_CONVERSION = YES;
				CLANG_WARN_OBJC_ROOT_CLASS = YES_ERROR;
				CLANG_WARN_QUOTED_INCLUDE_IN_FRAMEWORK_HEADER = YES;
				CLANG_WARN_RANGE_LOOP_ANALYSIS = YES;
				CLANG_WARN_STRICT_PROTOTYPES = YES;
				CLANG_WARN_SUSPICIOUS_MOVE = YES;
				CLANG_WARN_UNGUARDED_AVAILABILITY = YES_AGGRESSIVE;
				CLANG_WARN_UNREACHABLE_CODE = YES;
				CLANG_WARN__DUPLICATE_METHOD_MATCH = YES;
				COPY_PHASE_STRIP = NO;
				DEBUG_INFORMATION_FORMAT = dwarf;
				ENABLE_STRICT_OBJC_MSGSEND = YES;
				ENABLE_TESTABILITY = YES;
				GCC_C_LANGUAGE_STANDARD = gnu11;
				GCC_DYNAMIC_NO_PIC = NO;
				GCC_NO_COMMON_BLOCKS = YES;
				GCC_OPTIMIZATION_LEVEL = 0;
				GCC_PREPROCESSOR_DEFINITIONS = (
					"DEBUG=1",
					"$(inherited)",
				);
				GCC_WARN_64_TO_32_BIT_CONVERSION = YES;
				GCC_WARN_ABOUT_RETURN_TYPE = YES_ERROR;
				GCC_WARN_UNDECLARED_SELECTOR = YES;
				GCC_WARN_UNINITIALIZED_AUTOS = YES_AGGRESSIVE;
				GCC_WARN_UNUSED_FUNCTION = YES;
				GCC_WARN_UNUSED_VARIABLE = YES;
				IPHONEOS_DEPLOYMENT_TARGET = 15.0;
				MTL_ENABLE_DEBUG_INFO = INCLUDE_SOURCE;
				MTL_FAST_MATH = YES;
				ONLY_ACTIVE_ARCH = YES;
				SDKROOT = iphoneos;
				SWIFT_ACTIVE_COMPILATION_CONDITIONS = DEBUG;
				SWIFT_OPTIMIZATION_LEVEL = "-Onone";
			};
			name = Debug;
		};
		03C1852B27DB93FB009A5CAE /* Release */ = {
			isa = XCBuildConfiguration;
			buildSettings = {
				ALWAYS_SEARCH_USER_PATHS = NO;
				CLANG_ANALYZER_NONNULL = YES;
				CLANG_ANALYZER_NUMBER_OBJECT_CONVERSION = YES_AGGRESSIVE;
				CLANG_CXX_LANGUAGE_STANDARD = "gnu++17";
				CLANG_CXX_LIBRARY = "libc++";
				CLANG_ENABLE_MODULES = YES;
				CLANG_ENABLE_OBJC_ARC = YES;
				CLANG_ENABLE_OBJC_WEAK = YES;
				CLANG_WARN_BLOCK_CAPTURE_AUTORELEASING = YES;
				CLANG_WARN_BOOL_CONVERSION = YES;
				CLANG_WARN_COMMA = YES;
				CLANG_WARN_CONSTANT_CONVERSION = YES;
				CLANG_WARN_DEPRECATED_OBJC_IMPLEMENTATIONS = YES;
				CLANG_WARN_DIRECT_OBJC_ISA_USAGE = YES_ERROR;
				CLANG_WARN_DOCUMENTATION_COMMENTS = YES;
				CLANG_WARN_EMPTY_BODY = YES;
				CLANG_WARN_ENUM_CONVERSION = YES;
				CLANG_WARN_INFINITE_RECURSION = YES;
				CLANG_WARN_INT_CONVERSION = YES;
				CLANG_WARN_NON_LITERAL_NULL_CONVERSION = YES;
				CLANG_WARN_OBJC_IMPLICIT_RETAIN_SELF = YES;
				CLANG_WARN_OBJC_LITERAL_CONVERSION = YES;
				CLANG_WARN_OBJC_ROOT_CLASS = YES_ERROR;
				CLANG_WARN_QUOTED_INCLUDE_IN_FRAMEWORK_HEADER = YES;
				CLANG_WARN_RANGE_LOOP_ANALYSIS = YES;
				CLANG_WARN_STRICT_PROTOTYPES = YES;
				CLANG_WARN_SUSPICIOUS_MOVE = YES;
				CLANG_WARN_UNGUARDED_AVAILABILITY = YES_AGGRESSIVE;
				CLANG_WARN_UNREACHABLE_CODE = YES;
				CLANG_WARN__DUPLICATE_METHOD_MATCH = YES;
				COPY_PHASE_STRIP = NO;
				DEBUG_INFORMATION_FORMAT = "dwarf-with-dsym";
				ENABLE_NS_ASSERTIONS = NO;
				ENABLE_STRICT_OBJC_MSGSEND = YES;
				GCC_C_LANGUAGE_STANDARD = gnu11;
				GCC_NO_COMMON_BLOCKS = YES;
				GCC_WARN_64_TO_32_BIT_CONVERSION = YES;
				GCC_WARN_ABOUT_RETURN_TYPE = YES_ERROR;
				GCC_WARN_UNDECLARED_SELECTOR = YES;
				GCC_WARN_UNINITIALIZED_AUTOS = YES_AGGRESSIVE;
				GCC_WARN_UNUSED_FUNCTION = YES;
				GCC_WARN_UNUSED_VARIABLE = YES;
				IPHONEOS_DEPLOYMENT_TARGET = 15.0;
				MTL_ENABLE_DEBUG_INFO = NO;
				MTL_FAST_MATH = YES;
				SDKROOT = iphoneos;
				SWIFT_COMPILATION_MODE = wholemodule;
				SWIFT_OPTIMIZATION_LEVEL = "-O";
				VALIDATE_PRODUCT = YES;
			};
			name = Release;
		};
		03C1852D27DB93FB009A5CAE /* Debug */ = {
			isa = XCBuildConfiguration;
			buildSettings = {
				ASSETCATALOG_COMPILER_APPICON_NAME = AppIcon;
				ASSETCATALOG_COMPILER_GLOBAL_ACCENT_COLOR_NAME = AccentColor;
				CODE_SIGN_STYLE = Automatic;
				CURRENT_PROJECT_VERSION = 1;
				DEVELOPMENT_TEAM = R59MWUC5B2;
				GENERATE_INFOPLIST_FILE = YES;
				INFOPLIST_FILE = "MAPD724-W2022-Assign4/Info.plist";
				INFOPLIST_KEY_UIApplicationSupportsIndirectInputEvents = YES;
				INFOPLIST_KEY_UILaunchStoryboardName = LaunchScreen;
				INFOPLIST_KEY_UIMainStoryboardFile = Main;
				INFOPLIST_KEY_UISupportedInterfaceOrientations = "UIInterfaceOrientationPortrait UIInterfaceOrientationLandscapeLeft UIInterfaceOrientationLandscapeRight";
				INFOPLIST_KEY_UISupportedInterfaceOrientations_iPad = "UIInterfaceOrientationPortrait UIInterfaceOrientationPortraitUpsideDown UIInterfaceOrientationLandscapeLeft UIInterfaceOrientationLandscapeRight";
				INFOPLIST_KEY_UISupportedInterfaceOrientations_iPhone = "UIInterfaceOrientationPortrait UIInterfaceOrientationLandscapeLeft UIInterfaceOrientationLandscapeRight";
				LD_RUNPATH_SEARCH_PATHS = (
					"$(inherited)",
					"@executable_path/Frameworks",
				);
				MARKETING_VERSION = 1.0;
				PRODUCT_BUNDLE_IDENTIFIER = "ca.centennialcollege.MAPD724-W2022-Assign4";
				PRODUCT_NAME = "$(TARGET_NAME)";
				SWIFT_EMIT_LOC_STRINGS = YES;
				SWIFT_VERSION = 5.0;
				TARGETED_DEVICE_FAMILY = "1,2";
			};
			name = Debug;
		};
		03C1852E27DB93FB009A5CAE /* Release */ = {
			isa = XCBuildConfiguration;
			buildSettings = {
				ASSETCATALOG_COMPILER_APPICON_NAME = AppIcon;
				ASSETCATALOG_COMPILER_GLOBAL_ACCENT_COLOR_NAME = AccentColor;
				CODE_SIGN_STYLE = Automatic;
				CURRENT_PROJECT_VERSION = 1;
				DEVELOPMENT_TEAM = R59MWUC5B2;
				GENERATE_INFOPLIST_FILE = YES;
				INFOPLIST_FILE = "MAPD724-W2022-Assign4/Info.plist";
				INFOPLIST_KEY_UIApplicationSupportsIndirectInputEvents = YES;
				INFOPLIST_KEY_UILaunchStoryboardName = LaunchScreen;
				INFOPLIST_KEY_UIMainStoryboardFile = Main;
				INFOPLIST_KEY_UISupportedInterfaceOrientations = "UIInterfaceOrientationPortrait UIInterfaceOrientationLandscapeLeft UIInterfaceOrientationLandscapeRight";
				INFOPLIST_KEY_UISupportedInterfaceOrientations_iPad = "UIInterfaceOrientationPortrait UIInterfaceOrientationPortraitUpsideDown UIInterfaceOrientationLandscapeLeft UIInterfaceOrientationLandscapeRight";
				INFOPLIST_KEY_UISupportedInterfaceOrientations_iPhone = "UIInterfaceOrientationPortrait UIInterfaceOrientationLandscapeLeft UIInterfaceOrientationLandscapeRight";
				LD_RUNPATH_SEARCH_PATHS = (
					"$(inherited)",
					"@executable_path/Frameworks",
				);
				MARKETING_VERSION = 1.0;
				PRODUCT_BUNDLE_IDENTIFIER = "ca.centennialcollege.MAPD724-W2022-Assign4";
				PRODUCT_NAME = "$(TARGET_NAME)";
				SWIFT_EMIT_LOC_STRINGS = YES;
				SWIFT_VERSION = 5.0;
				TARGETED_DEVICE_FAMILY = "1,2";
			};
			name = Release;
		};
/* End XCBuildConfiguration section */

/* Begin XCConfigurationList section */
		03C1851327DB93F9009A5CAE /* Build configuration list for PBXProject "MAPD724-W2022-Assign4" */ = {
			isa = XCConfigurationList;
			buildConfigurations = (
				03C1852A27DB93FB009A5CAE /* Debug */,
				03C1852B27DB93FB009A5CAE /* Release */,
			);
			defaultConfigurationIsVisible = 0;
			defaultConfigurationName = Release;
		};
		03C1852C27DB93FB009A5CAE /* Build configuration list for PBXNativeTarget "MAPD724-W2022-Assign4" */ = {
			isa = XCConfigurationList;
			buildConfigurations = (
				03C1852D27DB93FB009A5CAE /* Debug */,
				03C1852E27DB93FB009A5CAE /* Release */,
			);
			defaultConfigurationIsVisible = 0;
			defaultConfigurationName = Release;
		};
/* End XCConfigurationList section */
	};
	rootObject = 03C1851027DB93F9009A5CAE /* Project object */;
}
